// !$*UTF8*$!
{
	archiveVersion = 1;
	classes = {
	};
	objectVersion = 50;
	objects = {

/* Begin PBXBuildFile section */
		3C470AD2217C1E3A001285A6 /* MenuBar.swift in Sources */ = {isa = PBXBuildFile; fileRef = 3C470AD1217C1E3A001285A6 /* MenuBar.swift */; };
		3C470AD4217C6E52001285A6 /* BaseCell.swift in Sources */ = {isa = PBXBuildFile; fileRef = 3C470AD3217C6E52001285A6 /* BaseCell.swift */; };
		3C5E7E55217B579400E82BF3 /* Extensions+UIKit.swift in Sources */ = {isa = PBXBuildFile; fileRef = 3C5E7E54217B579400E82BF3 /* Extensions+UIKit.swift */; };
		3C5E7E58217B587200E82BF3 /* VideoCell.swift in Sources */ = {isa = PBXBuildFile; fileRef = 3C5E7E57217B587200E82BF3 /* VideoCell.swift */; };
		84CDF3C821785C1500CFB31D /* AppDelegate.swift in Sources */ = {isa = PBXBuildFile; fileRef = 84CDF3C721785C1500CFB31D /* AppDelegate.swift */; };
		84CDF3CA21785C1500CFB31D /* HomeController.swift in Sources */ = {isa = PBXBuildFile; fileRef = 84CDF3C921785C1500CFB31D /* HomeController.swift */; };
		84CDF3CD21785C1500CFB31D /* Main.storyboard in Resources */ = {isa = PBXBuildFile; fileRef = 84CDF3CB21785C1500CFB31D /* Main.storyboard */; };
		84CDF3CF21785C1700CFB31D /* Assets.xcassets in Resources */ = {isa = PBXBuildFile; fileRef = 84CDF3CE21785C1700CFB31D /* Assets.xcassets */; };
		84CDF3D221785C1700CFB31D /* LaunchScreen.storyboard in Resources */ = {isa = PBXBuildFile; fileRef = 84CDF3D021785C1700CFB31D /* LaunchScreen.storyboard */; };
/* End PBXBuildFile section */

/* Begin PBXFileReference section */
		3C470AD1217C1E3A001285A6 /* MenuBar.swift */ = {isa = PBXFileReference; lastKnownFileType = sourcecode.swift; path = MenuBar.swift; sourceTree = "<group>"; };
		3C470AD3217C6E52001285A6 /* BaseCell.swift */ = {isa = PBXFileReference; lastKnownFileType = sourcecode.swift; path = BaseCell.swift; sourceTree = "<group>"; };
		3C5E7E54217B579400E82BF3 /* Extensions+UIKit.swift */ = {isa = PBXFileReference; lastKnownFileType = sourcecode.swift; path = "Extensions+UIKit.swift"; sourceTree = "<group>"; };
		3C5E7E57217B587200E82BF3 /* VideoCell.swift */ = {isa = PBXFileReference; lastKnownFileType = sourcecode.swift; path = VideoCell.swift; sourceTree = "<group>"; };
		84CDF3C421785C1500CFB31D /* Youtube.app */ = {isa = PBXFileReference; explicitFileType = wrapper.application; includeInIndex = 0; path = Youtube.app; sourceTree = BUILT_PRODUCTS_DIR; };
		84CDF3C721785C1500CFB31D /* AppDelegate.swift */ = {isa = PBXFileReference; lastKnownFileType = sourcecode.swift; path = AppDelegate.swift; sourceTree = "<group>"; };
		84CDF3C921785C1500CFB31D /* HomeController.swift */ = {isa = PBXFileReference; lastKnownFileType = sourcecode.swift; path = HomeController.swift; sourceTree = "<group>"; };
		84CDF3CC21785C1500CFB31D /* Base */ = {isa = PBXFileReference; lastKnownFileType = file.storyboard; name = Base; path = Base.lproj/Main.storyboard; sourceTree = "<group>"; };
		84CDF3CE21785C1700CFB31D /* Assets.xcassets */ = {isa = PBXFileReference; lastKnownFileType = folder.assetcatalog; path = Assets.xcassets; sourceTree = "<group>"; };
		84CDF3D121785C1700CFB31D /* Base */ = {isa = PBXFileReference; lastKnownFileType = file.storyboard; name = Base; path = Base.lproj/LaunchScreen.storyboard; sourceTree = "<group>"; };
		84CDF3D321785C1700CFB31D /* Info.plist */ = {isa = PBXFileReference; lastKnownFileType = text.plist.xml; path = Info.plist; sourceTree = "<group>"; };
/* End PBXFileReference section */

/* Begin PBXFrameworksBuildPhase section */
		84CDF3C121785C1500CFB31D /* Frameworks */ = {
			isa = PBXFrameworksBuildPhase;
			buildActionMask = 2147483647;
			files = (
			);
			runOnlyForDeploymentPostprocessing = 0;
		};
/* End PBXFrameworksBuildPhase section */

/* Begin PBXGroup section */
		3C5E7E53217B577E00E82BF3 /* Helpers */ = {
			isa = PBXGroup;
			children = (
				3C5E7E54217B579400E82BF3 /* Extensions+UIKit.swift */,
			);
			path = Helpers;
			sourceTree = "<group>";
		};
		3C5E7E56217B586400E82BF3 /* View */ = {
			isa = PBXGroup;
			children = (
				3C470AD3217C6E52001285A6 /* BaseCell.swift */,
				3C5E7E57217B587200E82BF3 /* VideoCell.swift */,
				3C470AD1217C1E3A001285A6 /* MenuBar.swift */,
			);
			path = View;
			sourceTree = "<group>";
		};
		3C5E7E59217B58A600E82BF3 /* Controller */ = {
			isa = PBXGroup;
			children = (
				84CDF3C921785C1500CFB31D /* HomeController.swift */,
			);
			path = Controller;
			sourceTree = "<group>";
		};
		84CDF3BB21785C1500CFB31D = {
			isa = PBXGroup;
			children = (
				84CDF3C621785C1500CFB31D /* Youtube */,
				84CDF3C521785C1500CFB31D /* Products */,
			);
			sourceTree = "<group>";
		};
		84CDF3C521785C1500CFB31D /* Products */ = {
			isa = PBXGroup;
			children = (
				84CDF3C421785C1500CFB31D /* Youtube.app */,
			);
			name = Products;
			sourceTree = "<group>";
		};
		84CDF3C621785C1500CFB31D /* Youtube */ = {
			isa = PBXGroup;
			children = (
				3C5E7E59217B58A600E82BF3 /* Controller */,
				3C5E7E56217B586400E82BF3 /* View */,
				3C5E7E53217B577E00E82BF3 /* Helpers */,
				84CDF3C721785C1500CFB31D /* AppDelegate.swift */,
				84CDF3CB21785C1500CFB31D /* Main.storyboard */,
				84CDF3CE21785C1700CFB31D /* Assets.xcassets */,
				84CDF3D021785C1700CFB31D /* LaunchScreen.storyboard */,
				84CDF3D321785C1700CFB31D /* Info.plist */,
			);
			path = Youtube;
			sourceTree = "<group>";
		};
/* End PBXGroup section */

/* Begin PBXNativeTarget section */
		84CDF3C321785C1500CFB31D /* Youtube */ = {
			isa = PBXNativeTarget;
			buildConfigurationList = 84CDF3D621785C1700CFB31D /* Build configuration list for PBXNativeTarget "Youtube" */;
			buildPhases = (
				84CDF3C021785C1500CFB31D /* Sources */,
				84CDF3C121785C1500CFB31D /* Frameworks */,
				84CDF3C221785C1500CFB31D /* Resources */,
			);
			buildRules = (
			);
			dependencies = (
			);
			name = Youtube;
			productName = Youtube;
			productReference = 84CDF3C421785C1500CFB31D /* Youtube.app */;
			productType = "com.apple.product-type.application";
		};
/* End PBXNativeTarget section */

/* Begin PBXProject section */
		84CDF3BC21785C1500CFB31D /* Project object */ = {
			isa = PBXProject;
			attributes = {
				LastSwiftUpdateCheck = 1000;
				LastUpgradeCheck = 1000;
				ORGANIZATIONNAME = "Cogitate Technology Solution";
				TargetAttributes = {
					84CDF3C321785C1500CFB31D = {
						CreatedOnToolsVersion = 10.0;
					};
				};
			};
			buildConfigurationList = 84CDF3BF21785C1500CFB31D /* Build configuration list for PBXProject "Youtube" */;
			compatibilityVersion = "Xcode 9.3";
			developmentRegion = en;
			hasScannedForEncodings = 0;
			knownRegions = (
				en,
				Base,
			);
			mainGroup = 84CDF3BB21785C1500CFB31D;
			productRefGroup = 84CDF3C521785C1500CFB31D /* Products */;
			projectDirPath = "";
			projectRoot = "";
			targets = (
				84CDF3C321785C1500CFB31D /* Youtube */,
			);
		};
/* End PBXProject section */

/* Begin PBXResourcesBuildPhase section */
		84CDF3C221785C1500CFB31D /* Resources */ = {
			isa = PBXResourcesBuildPhase;
			buildActionMask = 2147483647;
			files = (
				84CDF3D221785C1700CFB31D /* LaunchScreen.storyboard in Resources */,
				84CDF3CF21785C1700CFB31D /* Assets.xcassets in Resources */,
				84CDF3CD21785C1500CFB31D /* Main.storyboard in Resources */,
			);
			runOnlyForDeploymentPostprocessing = 0;
		};
/* End PBXResourcesBuildPhase section */

/* Begin PBXSourcesBuildPhase section */
		84CDF3C021785C1500CFB31D /* Sources */ = {
			isa = PBXSourcesBuildPhase;
			buildActionMask = 2147483647;
			files = (
				84CDF3CA21785C1500CFB31D /* HomeController.swift in Sources */,
				3C5E7E58217B587200E82BF3 /* VideoCell.swift in Sources */,
				3C470AD4217C6E52001285A6 /* BaseCell.swift in Sources */,
				3C5E7E55217B579400E82BF3 /* Extensions+UIKit.swift in Sources */,
				84CDF3C821785C1500CFB31D /* AppDelegate.swift in Sources */,
				3C470AD2217C1E3A001285A6 /* MenuBar.swift in Sources */,
			);
			runOnlyForDeploymentPostprocessing = 0;
		};
/* End PBXSourcesBuildPhase section */

/* Begin PBXVariantGroup section */
		84CDF3CB21785C1500CFB31D /* Main.storyboard */ = {
			isa = PBXVariantGroup;
			children = (
				84CDF3CC21785C1500CFB31D /* Base */,
			);
			name = Main.storyboard;
			sourceTree = "<group>";
		};
		84CDF3D021785C1700CFB31D /* LaunchScreen.storyboard */ = {
			isa = PBXVariantGroup;
			children = (
				84CDF3D121785C1700CFB31D /* Base */,
			);
			name = LaunchScreen.storyboard;
			sourceTree = "<group>";
		};
/* End PBXVariantGroup section */

/* Begin XCBuildConfiguration section */
		84CDF3D421785C1700CFB31D /* Debug */ = {
			isa = XCBuildConfiguration;
			buildSettings = {
				ALWAYS_SEARCH_USER_PATHS = NO;
				CLANG_ANALYZER_NONNULL = YES;
				CLANG_ANALYZER_NUMBER_OBJECT_CONVERSION = YES_AGGRESSIVE;
				CLANG_CXX_LANGUAGE_STANDARD = "gnu++14";
				CLANG_CXX_LIBRARY = "libc++";
				CLANG_ENABLE_MODULES = YES;
				CLANG_ENABLE_OBJC_ARC = YES;
				CLANG_ENABLE_OBJC_WEAK = YES;
				CLANG_WARN_BLOCK_CAPTURE_AUTORELEASING = YES;
				CLANG_WARN_BOOL_CONVERSION = YES;
				CLANG_WARN_COMMA = YES;
				CLANG_WARN_CONSTANT_CONVERSION = YES;
				CLANG_WARN_DEPRECATED_OBJC_IMPLEMENTATIONS = YES;
				CLANG_WARN_DIRECT_OBJC_ISA_USAGE = YES_ERROR;
				CLANG_WARN_DOCUMENTATION_COMMENTS = YES;
				CLANG_WARN_EMPTY_BODY = YES;
				CLANG_WARN_ENUM_CONVERSION = YES;
				CLANG_WARN_INFINITE_RECURSION = YES;
				CLANG_WARN_INT_CONVERSION = YES;
				CLANG_WARN_NON_LITERAL_NULL_CONVERSION = YES;
				CLANG_WARN_OBJC_IMPLICIT_RETAIN_SELF = YES;
				CLANG_WARN_OBJC_LITERAL_CONVERSION = YES;
				CLANG_WARN_OBJC_ROOT_CLASS = YES_ERROR;
				CLANG_WARN_RANGE_LOOP_ANALYSIS = YES;
				CLANG_WARN_STRICT_PROTOTYPES = YES;
				CLANG_WARN_SUSPICIOUS_MOVE = YES;
				CLANG_WARN_UNGUARDED_AVAILABILITY = YES_AGGRESSIVE;
				CLANG_WARN_UNREACHABLE_CODE = YES;
				CLANG_WARN__DUPLICATE_METHOD_MATCH = YES;
				CODE_SIGN_IDENTITY = "iPhone Developer";
				COPY_PHASE_STRIP = NO;
				DEBUG_INFORMATION_FORMAT = dwarf;
				ENABLE_STRICT_OBJC_MSGSEND = YES;
				ENABLE_TESTABILITY = YES;
				GCC_C_LANGUAGE_STANDARD = gnu11;
				GCC_DYNAMIC_NO_PIC = NO;
				GCC_NO_COMMON_BLOCKS = YES;
				GCC_OPTIMIZATION_LEVEL = 0;
				GCC_PREPROCESSOR_DEFINITIONS = (
					"DEBUG=1",
					"$(inherited)",
				);
				GCC_WARN_64_TO_32_BIT_CONVERSION = YES;
				GCC_WARN_ABOUT_RETURN_TYPE = YES_ERROR;
				GCC_WARN_UNDECLARED_SELECTOR = YES;
				GCC_WARN_UNINITIALIZED_AUTOS = YES_AGGRESSIVE;
				GCC_WARN_UNUSED_FUNCTION = YES;
				GCC_WARN_UNUSED_VARIABLE = YES;
				IPHONEOS_DEPLOYMENT_TARGET = 12.0;
				MTL_ENABLE_DEBUG_INFO = INCLUDE_SOURCE;
				MTL_FAST_MATH = YES;
				ONLY_ACTIVE_ARCH = YES;
				SDKROOT = iphoneos;
				SWIFT_ACTIVE_COMPILATION_CONDITIONS = DEBUG;
				SWIFT_OPTIMIZATION_LEVEL = "-Onone";
			};
			name = Debug;
		};
		84CDF3D521785C1700CFB31D /* Release */ = {
			isa = XCBuildConfiguration;
			buildSettings = {
				ALWAYS_SEARCH_USER_PATHS = NO;
				CLANG_ANALYZER_NONNULL = YES;
				CLANG_ANALYZER_NUMBER_OBJECT_CONVERSION = YES_AGGRESSIVE;
				CLANG_CXX_LANGUAGE_STANDARD = "gnu++14";
				CLANG_CXX_LIBRARY = "libc++";
				CLANG_ENABLE_MODULES = YES;
				CLANG_ENABLE_OBJC_ARC = YES;
				CLANG_ENABLE_OBJC_WEAK = YES;
				CLANG_WARN_BLOCK_CAPTURE_AUTORELEASING = YES;
				CLANG_WARN_BOOL_CONVERSION = YES;
				CLANG_WARN_COMMA = YES;
				CLANG_WARN_CONSTANT_CONVERSION = YES;
				CLANG_WARN_DEPRECATED_OBJC_IMPLEMENTATIONS = YES;
				CLANG_WARN_DIRECT_OBJC_ISA_USAGE = YES_ERROR;
				CLANG_WARN_DOCUMENTATION_COMMENTS = YES;
				CLANG_WARN_EMPTY_BODY = YES;
				CLANG_WARN_ENUM_CONVERSION = YES;
				CLANG_WARN_INFINITE_RECURSION = YES;
				CLANG_WARN_INT_CONVERSION = YES;
				CLANG_WARN_NON_LITERAL_NULL_CONVERSION = YES;
				CLANG_WARN_OBJC_IMPLICIT_RETAIN_SELF = YES;
				CLANG_WARN_OBJC_LITERAL_CONVERSION = YES;
				CLANG_WARN_OBJC_ROOT_CLASS = YES_ERROR;
				CLANG_WARN_RANGE_LOOP_ANALYSIS = YES;
				CLANG_WARN_STRICT_PROTOTYPES = YES;
				CLANG_WARN_SUSPICIOUS_MOVE = YES;
				CLANG_WARN_UNGUARDED_AVAILABILITY = YES_AGGRESSIVE;
				CLANG_WARN_UNREACHABLE_CODE = YES;
				CLANG_WARN__DUPLICATE_METHOD_MATCH = YES;
				CODE_SIGN_IDENTITY = "iPhone Developer";
				COPY_PHASE_STRIP = NO;
				DEBUG_INFORMATION_FORMAT = "dwarf-with-dsym";
				ENABLE_NS_ASSERTIONS = NO;
				ENABLE_STRICT_OBJC_MSGSEND = YES;
				GCC_C_LANGUAGE_STANDARD = gnu11;
				GCC_NO_COMMON_BLOCKS = YES;
				GCC_WARN_64_TO_32_BIT_CONVERSION = YES;
				GCC_WARN_ABOUT_RETURN_TYPE = YES_ERROR;
				GCC_WARN_UNDECLARED_SELECTOR = YES;
				GCC_WARN_UNINITIALIZED_AUTOS = YES_AGGRESSIVE;
				GCC_WARN_UNUSED_FUNCTION = YES;
				GCC_WARN_UNUSED_VARIABLE = YES;
				IPHONEOS_DEPLOYMENT_TARGET = 12.0;
				MTL_ENABLE_DEBUG_INFO = NO;
				MTL_FAST_MATH = YES;
				SDKROOT = iphoneos;
				SWIFT_COMPILATION_MODE = wholemodule;
				SWIFT_OPTIMIZATION_LEVEL = "-O";
				VALIDATE_PRODUCT = YES;
			};
			name = Release;
		};
		84CDF3D721785C1700CFB31D /* Debug */ = {
			isa = XCBuildConfiguration;
			buildSettings = {
				ASSETCATALOG_COMPILER_APPICON_NAME = AppIcon;
				CODE_SIGN_STYLE = Automatic;
				DEVELOPMENT_TEAM = C9LQ4NEELP;
				INFOPLIST_FILE = Youtube/Info.plist;
				IPHONEOS_DEPLOYMENT_TARGET = 12.0;
				LD_RUNPATH_SEARCH_PATHS = (
					"$(inherited)",
					"@executable_path/Frameworks",
				);
				PRODUCT_BUNDLE_IDENTIFIER = com.nitinvsingh.lbta.youtube;
				PRODUCT_NAME = "$(TARGET_NAME)";
				SWIFT_VERSION = 4.2;
				TARGETED_DEVICE_FAMILY = "1,2";
			};
			name = Debug;
		};
		84CDF3D821785C1700CFB31D /* Release */ = {
			isa = XCBuildConfiguration;
			buildSettings = {
				ASSETCATALOG_COMPILER_APPICON_NAME = AppIcon;
				CODE_SIGN_STYLE = Automatic;
				DEVELOPMENT_TEAM = C9LQ4NEELP;
				INFOPLIST_FILE = Youtube/Info.plist;
				IPHONEOS_DEPLOYMENT_TARGET = 12.0;
				LD_RUNPATH_SEARCH_PATHS = (
					"$(inherited)",
					"@executable_path/Frameworks",
				);
				PRODUCT_BUNDLE_IDENTIFIER = com.nitinvsingh.lbta.youtube;
				PRODUCT_NAME = "$(TARGET_NAME)";
				SWIFT_VERSION = 4.2;
				TARGETED_DEVICE_FAMILY = "1,2";
			};
			name = Release;
		};
/* End XCBuildConfiguration section */

/* Begin XCConfigurationList section */
		84CDF3BF21785C1500CFB31D /* Build configuration list for PBXProject "Youtube" */ = {
			isa = XCConfigurationList;
			buildConfigurations = (
				84CDF3D421785C1700CFB31D /* Debug */,
				84CDF3D521785C1700CFB31D /* Release */,
			);
			defaultConfigurationIsVisible = 0;
			defaultConfigurationName = Release;
		};
		84CDF3D621785C1700CFB31D /* Build configuration list for PBXNativeTarget "Youtube" */ = {
			isa = XCConfigurationList;
			buildConfigurations = (
				84CDF3D721785C1700CFB31D /* Debug */,
				84CDF3D821785C1700CFB31D /* Release */,
			);
			defaultConfigurationIsVisible = 0;
			defaultConfigurationName = Release;
		};
/* End XCConfigurationList section */
	};
	rootObject = 84CDF3BC21785C1500CFB31D /* Project object */;
}
